{
  "version": 4,
  "terraform_version": "0.14.6",
  "serial": 5,
  "lineage": "adcc3eca-aad5-db05-afa8-1ea2c7277361",
  "outputs": {},
  "resources": [
    {
      "mode": "managed",
      "type": "proxmox_virtual_environment_vm",
      "name": "ubuntu_vm",
      "provider": "provider[\"registry.terraform.io/blz-ea/proxmox\"]",
      "instances": [
        {
          "status": "tainted",
          "schema_version": 0,
          "attributes": {
            "acpi": true,
            "agent": [
              {
                "enabled": false,
                "timeout": "15m",
                "trim": false,
                "type": "virtio"
              }
            ],
            "audio_device": [],
            "bios": "seabios",
            "cdrom": [],
            "clone": [
              {
                "datastore_id": "",
                "full": true,
                "node_name": "",
                "vm_id": 9000
              }
            ],
            "cpu": [],
            "description": "Managed by Terraform",
            "disk": [
              {
                "datastore_id": "local-lvm",
                "file_format": "qcow2",
                "file_id": "",
                "size": 20,
                "speed": []
              }
            ],
            "id": "101",
            "initialization": [
              {
                "datastore_id": "local-lvm",
                "dns": [],
                "ip_config": [
                  {
                    "ipv4": [
                      {
                        "address": "dhcp",
                        "gateway": ""
                      }
                    ],
                    "ipv6": []
                  }
                ],
                "type": "",
                "user_account": [
                  {
                    "keys": [
                      "ssh-rsa AAAAB3NzaC1yc2EAAAADAQABAAABAQDCrOWSqqICLRvP6J00nRuYP0kyGE25LZ46KdtqBZy6nDWjR7P6hg9hpH+ux6OQbHBpinAoT7bHQyiTBgpbmapc+7vFyRz1UF8O+s3tBmDmXo0DmKbMpg8v67U8fXv1sLxIDiYap2IVH61ctAYzVHxQru5Og4nafRZ6FCCGcOlN1xe9MhMH6ByIvsd7lwYJWTFtjM6NInkAElgYw6MmjDhjAeuUwXevXJN+cQRa+HgZzI1EBjgXFs2DqqiDJLOd3rVVZAAnRBTD6MZLOJmtpL0Pdbi/ufZ1EgudOb6vVsXODzCDlKc9j2ApiA0LpJikBqgaeSc1YIqqRf6vaPVyTvWR"
                    ],
                    "password": "nakKGsW0Lax1QKa@",
                    "username": "ubuntu"
                  }
                ],
                "user_data_file_id": ""
              }
            ],
            "ipv4_addresses": null,
            "ipv6_addresses": null,
            "keyboard_layout": "en-us",
            "mac_addresses": null,
            "memory": [],
            "name": "terraform-provider-proxmox-ubuntu-vm",
            "network_device": [
              {
                "bridge": "vmbr0",
                "enabled": true,
                "mac_address": "",
                "model": "virtio",
                "rate_limit": 0,
                "vlan_id": 0
              }
            ],
            "network_interface_names": null,
            "node_name": "pve1",
            "operating_system": [
              {
                "type": "l26"
              }
            ],
            "pool_id": null,
            "serial_device": [
              {
                "device": "socket"
              }
            ],
            "started": true,
            "tablet_device": true,
            "template": false,
            "vga": [],
            "vm_id": -1
          },
          "sensitive_attributes": []
        }
      ]
    },
    {
      "mode": "managed",
      "type": "random_password",
      "name": "ubuntu_vm_password",
      "provider": "provider[\"registry.terraform.io/hashicorp/random\"]",
      "instances": [
        {
          "schema_version": 0,
          "attributes": {
            "id": "none",
            "keepers": null,
            "length": 16,
            "lower": true,
            "min_lower": 0,
            "min_numeric": 0,
            "min_special": 0,
            "min_upper": 0,
            "number": true,
            "override_special": "_%@",
            "result": "nakKGsW0Lax1QKa@",
            "special": true,
            "upper": true
          },
          "sensitive_attributes": [],
          "private": "bnVsbA=="
        }
      ]
    },
    {
      "mode": "managed",
      "type": "tls_private_key",
      "name": "ubuntu_vm_key",
      "provider": "provider[\"registry.terraform.io/hashicorp/tls\"]",
      "instances": [
        {
          "schema_version": 0,
          "attributes": {
            "algorithm": "RSA",
            "ecdsa_curve": "P224",
            "id": "db4e737214f641dbb5b3c4a7b181f7662175908b",
            "private_key_pem": "-----BEGIN RSA PRIVATE KEY-----\nMIIEpAIBAAKCAQEAwqzlkqqiAi0bz+idNJ0bmD9JMhhNuS2eOinbagWcupw1o0ez\n+oYPYaR/rsejkGxwaYpwKE+2x0MokwYKW5mqXPu7xckc9VBfDvrN7QZg5l6NA5im\nzKYPL+u1PH179bC8SA4mGqdiFR+tXLQGM1R8UK7uToOJ2n0WehQghnDpTdcXvTIT\nB+gciL7He5cGCVkxbYzOjSJ5ABJYGMOjJow4YwHrlMF3r1yTfnEEWvh4GcyNRAY4\nFxbNg6qogySznd61VWQAJ0QUw+jGSziZraS9D3W4v7n2dRILnTm+r1bFzg8wg5Sn\nPY9gKYgNC6SYpAaoGnknNWCKqkX+r2j1ck71kQIDAQABAoIBAGDt41SWfxnkSd/I\nK1YCD7ZLdG9r6G8WRp0hMC1m4/WKR66nyfYn/8qXNDfbERac14/FLTj1D8XBK5eg\nv1GCfm/Tq1e8Xh3KybnUqOmmbmLlmwK6Y/qriA5NJy0aMblQKT8bRF+rDcwEvLXW\nsOun2kn1/5O6LM5L0AAyu0sVNyTY33RvyZgOxPGFqkSCTa5ZcFtCfzw5+Rv/NNx4\nBP6UzGoVl5pfu+Y7jPlZoNkbjtD1vWygqCbu/jPWZctEzDBuk6VzdQDnN1BFvSxO\nzSv3kgwzq78zLjxknfjGQnF0vLlFcG+oPxSipYPbGXRrQxt8pPrSslbQ+e/WDwu2\nfeT56pECgYEAyacCLM123U+NBuh8LYo6Df/oyVKRGPAcbi7IF4ia5nA2pNU/Y80r\nDKIolAm0/rCUE4xgvcYZj184ZdHmVpyOeTm/LIfP2Ab2vRToBvBVVcOFQzWfRceT\nguowcogxtOEXd0ydLtVy0yosHE2Mo65R9RtUgM4nwpUKktdq1Cjp1rUCgYEA9ySC\nvtaXplL2HSnbDdbo2+u1PqybA7UsHDR1fzd4Dip63U64r8kfy3fpzqK93pBzWfbt\nC1sLt1yHFbfGK3HPG77zaNJsWd0kZDegBtIEFKXvWHM6WbE+18zqiMqdq6aOCK3T\nUj1/fJbKysRpSPQbfBNtAYW4y5dctbWCJV7UcO0CgYEAjAcZ/oyKvvGPx71HBcSX\nvcL4HlzkfwG1bFm1/omQrvY7K8kdJKuC+lncfbgj5DwwB0cSopVeiG2h1yqjnX9H\nfCy6cSy6CpQDYJeU68SWLWEBOAOTXzxQVbdT/yROCAHKbsBX4f68pqABU4ISaFMT\nfHYG/w6pE3i1h/RorXzfrIUCgYBmll0/Ykxo2h8XU/x97iuSvnDppzRhgZ7hxlTP\njfLjznZZzweS0GXGS+xdvegartNzELCs+goO/vWD6lj0R7W0yrq3VEFtvAITJ5Ph\nwOO4vnhvusUJ3i073u+sAI8aZXSn3Z/Oj4CP8vgS2xzpD4spIdcpvpxKxnXRZ5qy\ncH62sQKBgQDIkSKKxeALYpqmspCITfUzvK6eLfl+fMQdi1Sv7S/kGkDC9CNiNdrw\nQrGswXBXM0n+zWNuvoos2azkQHgJW5z1fxV5nTX73NGOWXMVvgKkKRnzhooPuNT+\nek/wG0+Jp64OknRPp1Iz8UppYL8mCTcymPM4pSudqLERZGFyu0Bbkw==\n-----END RSA PRIVATE KEY-----\n",
            "public_key_fingerprint_md5": "8a:c0:5f:fa:99:27:71:f6:c7:b6:47:f8:31:66:5b:c2",
            "public_key_openssh": "ssh-rsa AAAAB3NzaC1yc2EAAAADAQABAAABAQDCrOWSqqICLRvP6J00nRuYP0kyGE25LZ46KdtqBZy6nDWjR7P6hg9hpH+ux6OQbHBpinAoT7bHQyiTBgpbmapc+7vFyRz1UF8O+s3tBmDmXo0DmKbMpg8v67U8fXv1sLxIDiYap2IVH61ctAYzVHxQru5Og4nafRZ6FCCGcOlN1xe9MhMH6ByIvsd7lwYJWTFtjM6NInkAElgYw6MmjDhjAeuUwXevXJN+cQRa+HgZzI1EBjgXFs2DqqiDJLOd3rVVZAAnRBTD6MZLOJmtpL0Pdbi/ufZ1EgudOb6vVsXODzCDlKc9j2ApiA0LpJikBqgaeSc1YIqqRf6vaPVyTvWR\n",
            "public_key_pem": "-----BEGIN PUBLIC KEY-----\nMIIBIjANBgkqhkiG9w0BAQEFAAOCAQ8AMIIBCgKCAQEAwqzlkqqiAi0bz+idNJ0b\nmD9JMhhNuS2eOinbagWcupw1o0ez+oYPYaR/rsejkGxwaYpwKE+2x0MokwYKW5mq\nXPu7xckc9VBfDvrN7QZg5l6NA5imzKYPL+u1PH179bC8SA4mGqdiFR+tXLQGM1R8\nUK7uToOJ2n0WehQghnDpTdcXvTITB+gciL7He5cGCVkxbYzOjSJ5ABJYGMOjJow4\nYwHrlMF3r1yTfnEEWvh4GcyNRAY4FxbNg6qogySznd61VWQAJ0QUw+jGSziZraS9\nD3W4v7n2dRILnTm+r1bFzg8wg5SnPY9gKYgNC6SYpAaoGnknNWCKqkX+r2j1ck71\nkQIDAQAB\n-----END PUBLIC KEY-----\n",
            "rsa_bits": 2048
          },
          "sensitive_attributes": [],
          "private": "bnVsbA=="
        }
      ]
    }
  ]
}
